{
  "name": "sub-goal-widget",
  "version": "1.0.0",
  "lockfileVersion": 3,
  "requires": true,
  "packages": {
    "": {
      "name": "sub-goal-widget",
      "version": "1.0.0",
      "license": "ISC",
      "dependencies": {
        "axios": "^1.6.7",
        "express": "^4.19.2",
        "tmi.js": "^1.8.5"
      }
    },
    "node_modules/axios": {
      "version": "1.6.7",
      "resolved": "https://registry.npmjs.org/axios/-/axios-1.6.7.tgz",
      "integrity": "sha512-5WVkRoYfE/8h1j+4IdgFeomE/N2MbKiKXFn6ZB+iwcPbE7M12tYPXbwbnD+NBVn++IJkhKss8KTCfT2K9Q6rcA==",
      "engines": {
        "node": ">=14.0.0"
      }
    },
    "node_modules/express": {
      "version": "4.19.2",
      "resolved": "https://registry.npmjs.org/express/-/express-4.19.2.tgz",
      "integrity": "sha512-L5lESLfnJ1WJq2IX1Puj5Q38cSkIW4V9rzZ3bmI4+vqf65Lhr/ONFCr7d79PHHDpiyKTVhrTa3nEEm05IQrZTg=="
    },
    "node_modules/tmi.js": {
      "version": "1.8.5",
      "resolved": "https://registry.npmjs.org/tmi.js/-/tmi.js-1.8.5.tgz",
      "integrity": "sha512-j9fvJytYVK0gByI7LmeJ9sk4KkFqDCmlvd1UIAPrs6sY53uCB3VGkyqLtu9E7R04CDYgD4UDZ4+R5dXfN4Yjvw=="
    }
  }
}
